
Microsoft Visual Studio Solution File, Format Version 11.00
# Visual Studio 2010
Project("{FAE04EC0-301F-11D3-BF4B-00C04F79EFBC}") = "Calculadora", "Calculadora\Calculadora.csproj", "{1014EDB1-694D-4987-8E71-B521655C291E}"
EndProject
Global
	GlobalSection(SolutionConfigurationPlatforms) = preSolution
		Debug|x86 = Debug|x86
		Release|x86 = Release|x86
	EndGlobalSection
	GlobalSection(ProjectConfigurationPlatforms) = postSolution
		{1014EDB1-694D-4987-8E71-B521655C291E}.Debug|x86.ActiveCfg = Debug|x86
		{1014EDB1-694D-4987-8E71-B521655C291E}.Debug|x86.Build.0 = Debug|x86
		{1014EDB1-694D-4987-8E71-B521655C291E}.Release|x86.ActiveCfg = Release|x86
		{1014EDB1-694D-4987-8E71-B521655C291E}.Release|x86.Build.0 = Release|x86
	EndGlobalSection
	GlobalSection(SolutionProperties) = preSolution
		HideSolutionNode = FALSE
	EndGlobalSection
EndGlobal
